
Microsoft Visual Studio Solution File, Format Version 12.00
# Visual Studio Version 17
VisualStudioVersion = 17.14.37027.9 d17.14
MinimumVisualStudioVersion = 10.0.40219.1
Project("{FAE04EC0-301F-11D3-BF4B-00C04F79EFBC}") = "ResumeWebsite", "ResumeWebsite\ResumeWebsite.csproj", "{055F35E4-8198-4142-B4FA-D32D13CA2C1E}"
EndProject
Global
	GlobalSection(SolutionConfigurationPlatforms) = preSolution
		Debug|Any CPU = Debug|Any CPU
		Release|Any CPU = Release|Any CPU
	EndGlobalSection
	GlobalSection(ProjectConfigurationPlatforms) = postSolution
		{055F35E4-8198-4142-B4FA-D32D13CA2C1E}.Debug|Any CPU.ActiveCfg = Debug|Any CPU
		{055F35E4-8198-4142-B4FA-D32D13CA2C1E}.Debug|Any CPU.Build.0 = Debug|Any CPU
		{055F35E4-8198-4142-B4FA-D32D13CA2C1E}.Release|Any CPU.ActiveCfg = Release|Any CPU
		{055F35E4-8198-4142-B4FA-D32D13CA2C1E}.Release|Any CPU.Build.0 = Release|Any CPU
	EndGlobalSection
	GlobalSection(SolutionProperties) = preSolution
		HideSolutionNode = FALSE
	EndGlobalSection
	GlobalSection(ExtensibilityGlobals) = postSolution
		SolutionGuid = {447D861B-6E20-4213-A1CB-156C7945F683}
	EndGlobalSection
EndGlobal
